Microsoft Visual Studio Solution File, Format Version 11.00
# Visual Studio 2008

Project("{257FAAAD-9918-D070-3D23-822670F019BB}") = "UNITY_4_spilSDK", "Assembly-CSharp-vs.csproj", "{0B101385-18D3-625D-F6EB-085A6AC1E40D}"
EndProject
Project("{257FAAAD-9918-D070-3D23-822670F019BB}") = "UNITY_4_spilSDK", "Assembly-CSharp-Editor-vs.csproj", "{B3D96994-2DE2-F6B5-A450-28DE6C6E187A}"
EndProject
Global
	GlobalSection(SolutionConfigurationPlatforms) = preSolution
		Debug|Any CPU = Debug|Any CPU
		Release|Any CPU = Release|Any CPU
	EndGlobalSection
	GlobalSection(ProjectConfigurationPlatforms) = postSolution
		{0B101385-18D3-625D-F6EB-085A6AC1E40D}.Debug|Any CPU.ActiveCfg = Debug|Any CPU
		{0B101385-18D3-625D-F6EB-085A6AC1E40D}.Debug|Any CPU.Build.0 = Debug|Any CPU
		{0B101385-18D3-625D-F6EB-085A6AC1E40D}.Release|Any CPU.ActiveCfg = Release|Any CPU
		{0B101385-18D3-625D-F6EB-085A6AC1E40D}.Release|Any CPU.Build.0 = Release|Any CPU
		{B3D96994-2DE2-F6B5-A450-28DE6C6E187A}.Debug|Any CPU.ActiveCfg = Debug|Any CPU
		{B3D96994-2DE2-F6B5-A450-28DE6C6E187A}.Debug|Any CPU.Build.0 = Debug|Any CPU
		{B3D96994-2DE2-F6B5-A450-28DE6C6E187A}.Release|Any CPU.ActiveCfg = Release|Any CPU
		{B3D96994-2DE2-F6B5-A450-28DE6C6E187A}.Release|Any CPU.Build.0 = Release|Any CPU
	EndGlobalSection
	GlobalSection(SolutionProperties) = preSolution
		HideSolutionNode = FALSE
	EndGlobalSection
								GlobalSection(MonoDevelopProperties) = preSolution
		StartupItem = Assembly-CSharp.csproj
		Policies = $0
		$0.TextStylePolicy = $1
		$1.inheritsSet = null
		$1.scope = text/x-csharp
		$0.CSharpFormattingPolicy = $2
		$2.inheritsSet = Mono
		$2.inheritsScope = text/x-csharp
		$2.scope = text/x-csharp
		$0.TextStylePolicy = $3
		$3.FileWidth = 120
		$3.TabWidth = 4
		$3.IndentWidth = 4
		$3.EolMarker = Unix
		$3.inheritsSet = Mono
		$3.inheritsScope = text/plain
		$3.scope = text/plain
	EndGlobalSection

EndGlobal
